
Microsoft Visual Studio Solution File, Format Version 12.00
# Visual Studio Version 16
VisualStudioVersion = 16.0.31205.134
MinimumVisualStudioVersion = 10.0.40219.1
Project("{FAE04EC0-301F-11D3-BF4B-00C04F79EFBC}") = "Diplom", "Diplom\Diplom.csproj", "{CDCEE355-288D-4F89-AD46-D440B8E04AC1}"
EndProject
Global
	GlobalSection(SolutionConfigurationPlatforms) = preSolution
		Debug|Any CPU = Debug|Any CPU
		Release|Any CPU = Release|Any CPU
	EndGlobalSection
	GlobalSection(ProjectConfigurationPlatforms) = postSolution
		{CDCEE355-288D-4F89-AD46-D440B8E04AC1}.Debug|Any CPU.ActiveCfg = Debug|Any CPU
		{CDCEE355-288D-4F89-AD46-D440B8E04AC1}.Debug|Any CPU.Build.0 = Debug|Any CPU
		{CDCEE355-288D-4F89-AD46-D440B8E04AC1}.Release|Any CPU.ActiveCfg = Release|Any CPU
		{CDCEE355-288D-4F89-AD46-D440B8E04AC1}.Release|Any CPU.Build.0 = Release|Any CPU
	EndGlobalSection
	GlobalSection(SolutionProperties) = preSolution
		HideSolutionNode = FALSE
	EndGlobalSection
	GlobalSection(ExtensibilityGlobals) = postSolution
		SolutionGuid = {33BE0C04-E26E-4AB3-89BE-9300843C8A05}
	EndGlobalSection
EndGlobal
